
Microsoft Visual Studio Solution File, Format Version 12.00
# Visual Studio Version 17
VisualStudioVersion = 17.5.002.0
MinimumVisualStudioVersion = 10.0.40219.1
Project("{9A19103F-16F7-4668-BE54-9A1E7A4F7556}") = "first-proj", "first-proj\first-proj.csproj", "{5981AD98-2D93-4FD3-BAFB-EFDF1ECC8489}"
EndProject
Global
	GlobalSection(SolutionConfigurationPlatforms) = preSolution
		Debug|Any CPU = Debug|Any CPU
		Release|Any CPU = Release|Any CPU
	EndGlobalSection
	GlobalSection(ProjectConfigurationPlatforms) = postSolution
		{5981AD98-2D93-4FD3-BAFB-EFDF1ECC8489}.Debug|Any CPU.ActiveCfg = Debug|Any CPU
		{5981AD98-2D93-4FD3-BAFB-EFDF1ECC8489}.Debug|Any CPU.Build.0 = Debug|Any CPU
		{5981AD98-2D93-4FD3-BAFB-EFDF1ECC8489}.Release|Any CPU.ActiveCfg = Release|Any CPU
		{5981AD98-2D93-4FD3-BAFB-EFDF1ECC8489}.Release|Any CPU.Build.0 = Release|Any CPU
	EndGlobalSection
	GlobalSection(SolutionProperties) = preSolution
		HideSolutionNode = FALSE
	EndGlobalSection
	GlobalSection(ExtensibilityGlobals) = postSolution
		SolutionGuid = {A1783525-642A-4745-A747-F52383A5D2F0}
	EndGlobalSection
EndGlobal
