Microsoft Visual Studio Solution File, Format Version 12.00
# Visual Studio Version 17
VisualStudioVersion = 17.5.2.0
MinimumVisualStudioVersion = 10.0.40219.1
Project("{FAE04EC0-301F-11D3-BF4B-00C04F79EFBC}") = "razorpagesExample", "razorpagesExample.csproj", "{24C15D1C-8750-F9FA-BB24-782A0129CE00}"
EndProject
Global
	GlobalSection(SolutionConfigurationPlatforms) = preSolution
		Debug|Any CPU = Debug|Any CPU
		Release|Any CPU = Release|Any CPU
	EndGlobalSection
	GlobalSection(ProjectConfigurationPlatforms) = postSolution
		{24C15D1C-8750-F9FA-BB24-782A0129CE00}.Debug|Any CPU.ActiveCfg = Debug|Any CPU
		{24C15D1C-8750-F9FA-BB24-782A0129CE00}.Debug|Any CPU.Build.0 = Debug|Any CPU
		{24C15D1C-8750-F9FA-BB24-782A0129CE00}.Release|Any CPU.ActiveCfg = Release|Any CPU
		{24C15D1C-8750-F9FA-BB24-782A0129CE00}.Release|Any CPU.Build.0 = Release|Any CPU
	EndGlobalSection
	GlobalSection(SolutionProperties) = preSolution
		HideSolutionNode = FALSE
	EndGlobalSection
	GlobalSection(ExtensibilityGlobals) = postSolution
		SolutionGuid = {CDB55F0E-86D2-4163-87CA-AADECFE8E822}
	EndGlobalSection
EndGlobal
